
Microsoft Visual Studio Solution File, Format Version 12.00
# Visual Studio Version 17
VisualStudioVersion = 17.4.33213.308
MinimumVisualStudioVersion = 10.0.40219.1
Project("{FAE04EC0-301F-11D3-BF4B-00C04F79EFBC}") = "Bibliotec", "Bibliotec\Bibliotec.csproj", "{C78B46DD-6509-46AA-99B2-25E40D9CD742}"
EndProject
Global
	GlobalSection(SolutionConfigurationPlatforms) = preSolution
		Debug|Any CPU = Debug|Any CPU
		Release|Any CPU = Release|Any CPU
	EndGlobalSection
	GlobalSection(ProjectConfigurationPlatforms) = postSolution
		{C78B46DD-6509-46AA-99B2-25E40D9CD742}.Debug|Any CPU.ActiveCfg = Debug|Any CPU
		{C78B46DD-6509-46AA-99B2-25E40D9CD742}.Debug|Any CPU.Build.0 = Debug|Any CPU
		{C78B46DD-6509-46AA-99B2-25E40D9CD742}.Release|Any CPU.ActiveCfg = Release|Any CPU
		{C78B46DD-6509-46AA-99B2-25E40D9CD742}.Release|Any CPU.Build.0 = Release|Any CPU
	EndGlobalSection
	GlobalSection(SolutionProperties) = preSolution
		HideSolutionNode = FALSE
	EndGlobalSection
	GlobalSection(ExtensibilityGlobals) = postSolution
		SolutionGuid = {D1F847F2-B7D4-454F-B5D0-B3513C969C60}
	EndGlobalSection
EndGlobal
